lockfileVersion: '9.0'

settings:
  autoInstallPeers: true
  excludeLinksFromLockfile: false

importers:

  .:
    dependencies:
      drizzle-orm:
        specifier: ^0.44.2
        version: 0.44.2(@types/pg@8.15.4)(pg@8.16.2)
      formik:
        specifier: ^2.4.6
        version: 2.4.6(react@19.1.0)
      pg:
        specifier: ^8.16.2
        version: 8.16.2
      react:
        specifier: ^19.1.0
        version: 19.1.0
      react-dom:
        specifier: ^19.1.0
        version: 19.1.0(react@19.1.0)
      react-router-dom:
        specifier: ^7.6.2
        version: 7.6.2(react-dom@19.1.0(react@19.1.0))(react@19.1.0)
      yup:
        specifier: ^1.6.1
        version: 1.6.1
    devDependencies:
      '@types/pg':
        specifier: ^8.15.4
        version: 8.15.4
      '@types/react':
        specifier: ^19.1.8
        version: 19.1.8
      '@types/react-dom':
        specifier: ^19.1.6
        version: 19.1.6(@types/react@19.1.8)
      '@types/react-router-dom':
        specifier: ^5.3.3
        version: 5.3.3
      '@types/yup':
        specifier: ^0.32.0
        version: 0.32.0

packages:

  '@types/history@4.7.11':
    resolution: {integrity: sha512-qjDJRrmvBMiTx+jyLxvLfJU7UznFuokDv4f3WRuriHKERccVpFU+8XMQUAbDzoiJCsmexxRExQeMwwCdamSKDA==}

  '@types/hoist-non-react-statics@3.3.6':
    resolution: {integrity: sha512-lPByRJUer/iN/xa4qpyL0qmL11DqNW81iU/IG1S3uvRUq4oKagz8VCxZjiWkumgt66YT3vOdDgZ0o32sGKtCEw==}

  '@types/node@24.0.3':
    resolution: {integrity: sha512-R4I/kzCYAdRLzfiCabn9hxWfbuHS573x+r0dJMkkzThEa7pbrcDWK+9zu3e7aBOouf+rQAciqPFMnxwr0aWgKg==}

  '@types/pg@8.15.4':
    resolution: {integrity: sha512-I6UNVBAoYbvuWkkU3oosC8yxqH21f4/Jc4DK71JLG3dT2mdlGe1z+ep/LQGXaKaOgcvUrsQoPRqfgtMcvZiJhg==}

  '@types/react-dom@19.1.6':
    resolution: {integrity: sha512-4hOiT/dwO8Ko0gV1m/TJZYk3y0KBnY9vzDh7W+DH17b2HFSOGgdj33dhihPeuy3l0q23+4e+hoXHV6hCC4dCXw==}
    peerDependencies:
      '@types/react': ^19.0.0

  '@types/react-router-dom@5.3.3':
    resolution: {integrity: sha512-kpqnYK4wcdm5UaWI3fLcELopqLrHgLqNsdpHauzlQktfkHL3npOSwtj1Uz9oKBAzs7lFtVkV8j83voAz2D8fhw==}

  '@types/react-router@5.1.20':
    resolution: {integrity: sha512-jGjmu/ZqS7FjSH6owMcD5qpq19+1RS9DeVRqfl1FeBMxTDQAGwlMWOcs52NDoXaNKyG3d1cYQFMs9rCrb88o9Q==}

  '@types/react@19.1.8':
    resolution: {integrity: sha512-AwAfQ2Wa5bCx9WP8nZL2uMZWod7J7/JSplxbTmBQ5ms6QpqNYm672H0Vu9ZVKVngQ+ii4R/byguVEUZQyeg44g==}

  '@types/yup@0.32.0':
    resolution: {integrity: sha512-Gr2lllWTDxGVYHgWfL8szjdedERpNgm44L9BDL2cmcHG7Bfd6taEpiW3ayMFLaYvlJr/6bFXDJdh6L406AGlFg==}
    deprecated: This is a stub types definition. yup provides its own type definitions, so you do not need this installed.

  cookie@1.0.2:
    resolution: {integrity: sha512-9Kr/j4O16ISv8zBBhJoi4bXOYNTkFLOqSL3UDB0njXxCXNezjeyVrJyGOWtgfs/q2km1gwBcfH8q1yEGoMYunA==}
    engines: {node: '>=18'}

  csstype@3.1.3:
    resolution: {integrity: sha512-M1uQkMl8rQK/szD0LNhtqxIPLpimGm8sOBwU7lLnCpSbTyY3yeU1Vc7l4KT5zT4s/yOxHH5O7tIuuLOCnLADRw==}

  deepmerge@2.2.1:
    resolution: {integrity: sha512-R9hc1Xa/NOBi9WRVUWg19rl1UB7Tt4kuPd+thNJgFZoxXsTz7ncaPaeIm+40oSGuP33DfMb4sZt1QIGiJzC4EA==}
    engines: {node: '>=0.10.0'}

  drizzle-orm@0.44.2:
    resolution: {integrity: sha512-zGAqBzWWkVSFjZpwPOrmCrgO++1kZ5H/rZ4qTGeGOe18iXGVJWf3WPfHOVwFIbmi8kHjfJstC6rJomzGx8g/dQ==}
    peerDependencies:
      '@aws-sdk/client-rds-data': '>=3'
      '@cloudflare/workers-types': '>=4'
      '@electric-sql/pglite': '>=0.2.0'
      '@libsql/client': '>=0.10.0'
      '@libsql/client-wasm': '>=0.10.0'
      '@neondatabase/serverless': '>=0.10.0'
      '@op-engineering/op-sqlite': '>=2'
      '@opentelemetry/api': ^1.4.1
      '@planetscale/database': '>=1.13'
      '@prisma/client': '*'
      '@tidbcloud/serverless': '*'
      '@types/better-sqlite3': '*'
      '@types/pg': '*'
      '@types/sql.js': '*'
      '@upstash/redis': '>=1.34.7'
      '@vercel/postgres': '>=0.8.0'
      '@xata.io/client': '*'
      better-sqlite3: '>=7'
      bun-types: '*'
      expo-sqlite: '>=14.0.0'
      gel: '>=2'
      knex: '*'
      kysely: '*'
      mysql2: '>=2'
      pg: '>=8'
      postgres: '>=3'
      prisma: '*'
      sql.js: '>=1'
      sqlite3: '>=5'
    peerDependenciesMeta:
      '@aws-sdk/client-rds-data':
        optional: true
      '@cloudflare/workers-types':
        optional: true
      '@electric-sql/pglite':
        optional: true
      '@libsql/client':
        optional: true
      '@libsql/client-wasm':
        optional: true
      '@neondatabase/serverless':
        optional: true
      '@op-engineering/op-sqlite':
        optional: true
      '@opentelemetry/api':
        optional: true
      '@planetscale/database':
        optional: true
      '@prisma/client':
        optional: true
      '@tidbcloud/serverless':
        optional: true
      '@types/better-sqlite3':
        optional: true
      '@types/pg':
        optional: true
      '@types/sql.js':
        optional: true
      '@upstash/redis':
        optional: true
      '@vercel/postgres':
        optional: true
      '@xata.io/client':
        optional: true
      better-sqlite3:
        optional: true
      bun-types:
        optional: true
      expo-sqlite:
        optional: true
      gel:
        optional: true
      knex:
        optional: true
      kysely:
        optional: true
      mysql2:
        optional: true
      pg:
        optional: true
      postgres:
        optional: true
      prisma:
        optional: true
      sql.js:
        optional: true
      sqlite3:
        optional: true

  formik@2.4.6:
    resolution: {integrity: sha512-A+2EI7U7aG296q2TLGvNapDNTZp1khVt5Vk0Q/fyfSROss0V/V6+txt2aJnwEos44IxTCW/LYAi/zgWzlevj+g==}
    peerDependencies:
      react: '>=16.8.0'

  hoist-non-react-statics@3.3.2:
    resolution: {integrity: sha512-/gGivxi8JPKWNm/W0jSmzcMPpfpPLc3dY/6GxhX2hQ9iGj3aDfklV4ET7NjKpSinLpJ5vafa9iiGIEZg10SfBw==}

  lodash-es@4.17.21:
    resolution: {integrity: sha512-mKnC+QJ9pWVzv+C4/U3rRsHapFfHvQFoFB92e52xeyGMcX6/OlIl78je1u8vePzYZSkkogMPJ2yjxxsb89cxyw==}

  lodash@4.17.21:
    resolution: {integrity: sha512-v2kDEe57lecTulaDIuNTPy3Ry4gLGJ6Z1O3vE1krgXZNrsQ+LFTGHVxVjcXPs17LhbZVGedAJv8XZ1tvj5FvSg==}

  pg-cloudflare@1.2.6:
    resolution: {integrity: sha512-uxmJAnmIgmYgnSFzgOf2cqGQBzwnRYcrEgXuFjJNEkpedEIPBSEzxY7ph4uA9k1mI+l/GR0HjPNS6FKNZe8SBQ==}

  pg-connection-string@2.9.1:
    resolution: {integrity: sha512-nkc6NpDcvPVpZXxrreI/FOtX3XemeLl8E0qFr6F2Lrm/I8WOnaWNhIPK2Z7OHpw7gh5XJThi6j6ppgNoaT1w4w==}

  pg-int8@1.0.1:
    resolution: {integrity: sha512-WCtabS6t3c8SkpDBUlb1kjOs7l66xsGdKpIPZsg4wR+B3+u9UAum2odSsF9tnvxg80h4ZxLWMy4pRjOsFIqQpw==}
    engines: {node: '>=4.0.0'}

  pg-pool@3.10.1:
    resolution: {integrity: sha512-Tu8jMlcX+9d8+QVzKIvM/uJtp07PKr82IUOYEphaWcoBhIYkoHpLXN3qO59nAI11ripznDsEzEv8nUxBVWajGg==}
    peerDependencies:
      pg: '>=8.0'

  pg-protocol@1.10.2:
    resolution: {integrity: sha512-Ci7jy8PbaWxfsck2dwZdERcDG2A0MG8JoQILs+uZNjABFuBuItAZCWUNz8sXRDMoui24rJw7WlXqgpMdBSN/vQ==}

  pg-types@2.2.0:
    resolution: {integrity: sha512-qTAAlrEsl8s4OiEQY69wDvcMIdQN6wdz5ojQiOy6YRMuynxenON0O5oCpJI6lshc6scgAY8qvJ2On/p+CXY0GA==}
    engines: {node: '>=4'}

  pg@8.16.2:
    resolution: {integrity: sha512-OtLWF0mKLmpxelOt9BqVq83QV6bTfsS0XLegIeAKqKjurRnRKie1Dc1iL89MugmSLhftxw6NNCyZhm1yQFLMEQ==}
    engines: {node: '>= 16.0.0'}
    peerDependencies:
      pg-native: '>=3.0.1'
    peerDependenciesMeta:
      pg-native:
        optional: true

  pgpass@1.0.5:
    resolution: {integrity: sha512-FdW9r/jQZhSeohs1Z3sI1yxFQNFvMcnmfuj4WBMUTxOrAyLMaTcE1aAMBiTlbMNaXvBCQuVi0R7hd8udDSP7ug==}

  postgres-array@2.0.0:
    resolution: {integrity: sha512-VpZrUqU5A69eQyW2c5CA1jtLecCsN2U/bD6VilrFDWq5+5UIEVO7nazS3TEcHf1zuPYO/sqGvUvW62g86RXZuA==}
    engines: {node: '>=4'}

  postgres-bytea@1.0.0:
    resolution: {integrity: sha512-xy3pmLuQqRBZBXDULy7KbaitYqLcmxigw14Q5sj8QBVLqEwXfeybIKVWiqAXTlcvdvb0+xkOtDbfQMOf4lST1w==}
    engines: {node: '>=0.10.0'}

  postgres-date@1.0.7:
    resolution: {integrity: sha512-suDmjLVQg78nMK2UZ454hAG+OAW+HQPZ6n++TNDUX+L0+uUlLywnoxJKDou51Zm+zTCjrCl0Nq6J9C5hP9vK/Q==}
    engines: {node: '>=0.10.0'}

  postgres-interval@1.2.0:
    resolution: {integrity: sha512-9ZhXKM/rw350N1ovuWHbGxnGh/SNJ4cnxHiM0rxE4VN41wsg8P8zWn9hv/buK00RP4WvlOyr/RBDiptyxVbkZQ==}
    engines: {node: '>=0.10.0'}

  property-expr@2.0.6:
    resolution: {integrity: sha512-SVtmxhRE/CGkn3eZY1T6pC8Nln6Fr/lu1mKSgRud0eC73whjGfoAogbn78LkD8aFL0zz3bAFerKSnOl7NlErBA==}

  react-dom@19.1.0:
    resolution: {integrity: sha512-Xs1hdnE+DyKgeHJeJznQmYMIBG3TKIHJJT95Q58nHLSrElKlGQqDTR2HQ9fx5CN/Gk6Vh/kupBTDLU11/nDk/g==}
    peerDependencies:
      react: ^19.1.0

  react-fast-compare@2.0.4:
    resolution: {integrity: sha512-suNP+J1VU1MWFKcyt7RtjiSWUjvidmQSlqu+eHslq+342xCbGTYmC0mEhPCOHxlW0CywylOC1u2DFAT+bv4dBw==}

  react-is@16.13.1:
    resolution: {integrity: sha512-24e6ynE2H+OKt4kqsOvNd8kBpV65zoxbA4BVsEOB3ARVWQki/DHzaUoC5KuON/BiccDaCCTZBuOcfZs70kR8bQ==}

  react-router-dom@7.6.2:
    resolution: {integrity: sha512-Q8zb6VlTbdYKK5JJBLQEN06oTUa/RAbG/oQS1auK1I0TbJOXktqm+QENEVJU6QvWynlXPRBXI3fiOQcSEA78rA==}
    engines: {node: '>=20.0.0'}
    peerDependencies:
      react: '>=18'
      react-dom: '>=18'

  react-router@7.6.2:
    resolution: {integrity: sha512-U7Nv3y+bMimgWjhlT5CRdzHPu2/KVmqPwKUCChW8en5P3znxUqwlYFlbmyj8Rgp1SF6zs5X4+77kBVknkg6a0w==}
    engines: {node: '>=20.0.0'}
    peerDependencies:
      react: '>=18'
      react-dom: '>=18'
    peerDependenciesMeta:
      react-dom:
        optional: true

  react@19.1.0:
    resolution: {integrity: sha512-FS+XFBNvn3GTAWq26joslQgWNoFu08F4kl0J4CgdNKADkdSGXQyTCnKteIAJy96Br6YbpEU1LSzV5dYtjMkMDg==}
    engines: {node: '>=0.10.0'}

  scheduler@0.26.0:
    resolution: {integrity: sha512-NlHwttCI/l5gCPR3D1nNXtWABUmBwvZpEQiD4IXSbIDq8BzLIK/7Ir5gTFSGZDUu37K5cMNp0hFtzO38sC7gWA==}

  set-cookie-parser@2.7.1:
    resolution: {integrity: sha512-IOc8uWeOZgnb3ptbCURJWNjWUPcO3ZnTTdzsurqERrP6nPyv+paC55vJM0LpOlT2ne+Ix+9+CRG1MNLlyZ4GjQ==}

  split2@4.2.0:
    resolution: {integrity: sha512-UcjcJOWknrNkF6PLX83qcHM6KHgVKNkV62Y8a5uYDVv9ydGQVwAHMKqHdJje1VTWpljG0WYpCDhrCdAOYH4TWg==}
    engines: {node: '>= 10.x'}

  tiny-case@1.0.3:
    resolution: {integrity: sha512-Eet/eeMhkO6TX8mnUteS9zgPbUMQa4I6Kkp5ORiBD5476/m+PIRiumP5tmh5ioJpH7k51Kehawy2UDfsnxxY8Q==}

  tiny-warning@1.0.3:
    resolution: {integrity: sha512-lBN9zLN/oAf68o3zNXYrdCt1kP8WsiGW8Oo2ka41b2IM5JL/S1CTyX1rW0mb/zSuJun0ZUrDxx4sqvYS2FWzPA==}

  toposort@2.0.2:
    resolution: {integrity: sha512-0a5EOkAUp8D4moMi2W8ZF8jcga7BgZd91O/yabJCFY8az+XSzeGyTKs0Aoo897iV1Nj6guFq8orWDS96z91oGg==}

  tslib@2.8.1:
    resolution: {integrity: sha512-oJFu94HQb+KVduSUQL7wnpmqnfmLsOA/nAh6b6EH0wCEoK0/mPeXU6c3wKDV83MkOuHPRHtSXKKU99IBazS/2w==}

  type-fest@2.19.0:
    resolution: {integrity: sha512-RAH822pAdBgcNMAfWnCBU3CFZcfZ/i1eZjwFU/dsLKumyuuP3niueg2UAukXYF0E2AAoc82ZSSf9J0WQBinzHA==}
    engines: {node: '>=12.20'}

  undici-types@7.8.0:
    resolution: {integrity: sha512-9UJ2xGDvQ43tYyVMpuHlsgApydB8ZKfVYTsLDhXkFL/6gfkp+U8xTGdh8pMJv1SpZna0zxG1DwsKZsreLbXBxw==}

  xtend@4.0.2:
    resolution: {integrity: sha512-LKYU1iAXJXUgAXn9URjiu+MWhyUXHsvfp7mcuYm9dSUKK0/CjtrUwFAxD82/mCWbtLsGjFIad0wIsod4zrTAEQ==}
    engines: {node: '>=0.4'}

  yup@1.6.1:
    resolution: {integrity: sha512-JED8pB50qbA4FOkDol0bYF/p60qSEDQqBD0/qeIrUCG1KbPBIQ776fCUNb9ldbPcSTxA69g/47XTo4TqWiuXOA==}

snapshots:

  '@types/history@4.7.11': {}

  '@types/hoist-non-react-statics@3.3.6':
    dependencies:
      '@types/react': 19.1.8
      hoist-non-react-statics: 3.3.2

  '@types/node@24.0.3':
    dependencies:
      undici-types: 7.8.0

  '@types/pg@8.15.4':
    dependencies:
      '@types/node': 24.0.3
      pg-protocol: 1.10.2
      pg-types: 2.2.0

  '@types/react-dom@19.1.6(@types/react@19.1.8)':
    dependencies:
      '@types/react': 19.1.8

  '@types/react-router-dom@5.3.3':
    dependencies:
      '@types/history': 4.7.11
      '@types/react': 19.1.8
      '@types/react-router': 5.1.20

  '@types/react-router@5.1.20':
    dependencies:
      '@types/history': 4.7.11
      '@types/react': 19.1.8

  '@types/react@19.1.8':
    dependencies:
      csstype: 3.1.3

  '@types/yup@0.32.0':
    dependencies:
      yup: 1.6.1

  cookie@1.0.2: {}

  csstype@3.1.3: {}

  deepmerge@2.2.1: {}

  drizzle-orm@0.44.2(@types/pg@8.15.4)(pg@8.16.2):
    optionalDependencies:
      '@types/pg': 8.15.4
      pg: 8.16.2

  formik@2.4.6(react@19.1.0):
    dependencies:
      '@types/hoist-non-react-statics': 3.3.6
      deepmerge: 2.2.1
      hoist-non-react-statics: 3.3.2
      lodash: 4.17.21
      lodash-es: 4.17.21
      react: 19.1.0
      react-fast-compare: 2.0.4
      tiny-warning: 1.0.3
      tslib: 2.8.1

  hoist-non-react-statics@3.3.2:
    dependencies:
      react-is: 16.13.1

  lodash-es@4.17.21: {}

  lodash@4.17.21: {}

  pg-cloudflare@1.2.6:
    optional: true

  pg-connection-string@2.9.1: {}

  pg-int8@1.0.1: {}

  pg-pool@3.10.1(pg@8.16.2):
    dependencies:
      pg: 8.16.2

  pg-protocol@1.10.2: {}

  pg-types@2.2.0:
    dependencies:
      pg-int8: 1.0.1
      postgres-array: 2.0.0
      postgres-bytea: 1.0.0
      postgres-date: 1.0.7
      postgres-interval: 1.2.0

  pg@8.16.2:
    dependencies:
      pg-connection-string: 2.9.1
      pg-pool: 3.10.1(pg@8.16.2)
      pg-protocol: 1.10.2
      pg-types: 2.2.0
      pgpass: 1.0.5
    optionalDependencies:
      pg-cloudflare: 1.2.6

  pgpass@1.0.5:
    dependencies:
      split2: 4.2.0

  postgres-array@2.0.0: {}

  postgres-bytea@1.0.0: {}

  postgres-date@1.0.7: {}

  postgres-interval@1.2.0:
    dependencies:
      xtend: 4.0.2

  property-expr@2.0.6: {}

  react-dom@19.1.0(react@19.1.0):
    dependencies:
      react: 19.1.0
      scheduler: 0.26.0

  react-fast-compare@2.0.4: {}

  react-is@16.13.1: {}

  react-router-dom@7.6.2(react-dom@19.1.0(react@19.1.0))(react@19.1.0):
    dependencies:
      react: 19.1.0
      react-dom: 19.1.0(react@19.1.0)
      react-router: 7.6.2(react-dom@19.1.0(react@19.1.0))(react@19.1.0)

  react-router@7.6.2(react-dom@19.1.0(react@19.1.0))(react@19.1.0):
    dependencies:
      cookie: 1.0.2
      react: 19.1.0
      set-cookie-parser: 2.7.1
    optionalDependencies:
      react-dom: 19.1.0(react@19.1.0)

  react@19.1.0: {}

  scheduler@0.26.0: {}

  set-cookie-parser@2.7.1: {}

  split2@4.2.0: {}

  tiny-case@1.0.3: {}

  tiny-warning@1.0.3: {}

  toposort@2.0.2: {}

  tslib@2.8.1: {}

  type-fest@2.19.0: {}

  undici-types@7.8.0: {}

  xtend@4.0.2: {}

  yup@1.6.1:
    dependencies:
      property-expr: 2.0.6
      tiny-case: 1.0.3
      toposort: 2.0.2
      type-fest: 2.19.0
